// !$*UTF8*$!
{
	archiveVersion = 1;
	classes = {
	};
	objectVersion = 50;
	objects = {

/* Begin PBXBuildFile section */
		02FEDFC026A802A9001DD368 /* AppDelegate.swift in Sources */ = {isa = PBXBuildFile; fileRef = 02FEDFBF26A802A9001DD368 /* AppDelegate.swift */; };
		02FEDFC226A802A9001DD368 /* SceneDelegate.swift in Sources */ = {isa = PBXBuildFile; fileRef = 02FEDFC126A802A9001DD368 /* SceneDelegate.swift */; };
		02FEDFC426A802A9001DD368 /* ViewController.swift in Sources */ = {isa = PBXBuildFile; fileRef = 02FEDFC326A802A9001DD368 /* ViewController.swift */; };
		02FEDFC726A802A9001DD368 /* Main.storyboard in Resources */ = {isa = PBXBuildFile; fileRef = 02FEDFC526A802A9001DD368 /* Main.storyboard */; };
		02FEDFC926A802AC001DD368 /* Assets.xcassets in Resources */ = {isa = PBXBuildFile; fileRef = 02FEDFC826A802AC001DD368 /* Assets.xcassets */; };
		02FEDFCC26A802AC001DD368 /* LaunchScreen.storyboard in Resources */ = {isa = PBXBuildFile; fileRef = 02FEDFCA26A802AC001DD368 /* LaunchScreen.storyboard */; };
/* End PBXBuildFile section */

/* Begin PBXFileReference section */
		02FEDFBC26A802A9001DD368 /* Quiz19_PageControlAndWebview.app */ = {isa = PBXFileReference; explicitFileType = wrapper.application; includeInIndex = 0; path = Quiz19_PageControlAndWebview.app; sourceTree = BUILT_PRODUCTS_DIR; };
		02FEDFBF26A802A9001DD368 /* AppDelegate.swift */ = {isa = PBXFileReference; lastKnownFileType = sourcecode.swift; path = AppDelegate.swift; sourceTree = "<group>"; };
		02FEDFC126A802A9001DD368 /* SceneDelegate.swift */ = {isa = PBXFileReference; lastKnownFileType = sourcecode.swift; path = SceneDelegate.swift; sourceTree = "<group>"; };
		02FEDFC326A802A9001DD368 /* ViewController.swift */ = {isa = PBXFileReference; lastKnownFileType = sourcecode.swift; path = ViewController.swift; sourceTree = "<group>"; };
		02FEDFC626A802A9001DD368 /* Base */ = {isa = PBXFileReference; lastKnownFileType = file.storyboard; name = Base; path = Base.lproj/Main.storyboard; sourceTree = "<group>"; };
		02FEDFC826A802AC001DD368 /* Assets.xcassets */ = {isa = PBXFileReference; lastKnownFileType = folder.assetcatalog; path = Assets.xcassets; sourceTree = "<group>"; };
		02FEDFCB26A802AC001DD368 /* Base */ = {isa = PBXFileReference; lastKnownFileType = file.storyboard; name = Base; path = Base.lproj/LaunchScreen.storyboard; sourceTree = "<group>"; };
		02FEDFCD26A802AC001DD368 /* Info.plist */ = {isa = PBXFileReference; lastKnownFileType = text.plist.xml; path = Info.plist; sourceTree = "<group>"; };
/* End PBXFileReference section */

/* Begin PBXFrameworksBuildPhase section */
		02FEDFB926A802A9001DD368 /* Frameworks */ = {
			isa = PBXFrameworksBuildPhase;
			buildActionMask = 2147483647;
			files = (
			);
			runOnlyForDeploymentPostprocessing = 0;
		};
/* End PBXFrameworksBuildPhase section */

/* Begin PBXGroup section */
		02FEDFB326A802A9001DD368 = {
			isa = PBXGroup;
			children = (
				02FEDFBE26A802A9001DD368 /* Quiz19_PageControlAndWebview */,
				02FEDFBD26A802A9001DD368 /* Products */,
			);
			sourceTree = "<group>";
		};
		02FEDFBD26A802A9001DD368 /* Products */ = {
			isa = PBXGroup;
			children = (
				02FEDFBC26A802A9001DD368 /* Quiz19_PageControlAndWebview.app */,
			);
			name = Products;
			sourceTree = "<group>";
		};
		02FEDFBE26A802A9001DD368 /* Quiz19_PageControlAndWebview */ = {
			isa = PBXGroup;
			children = (
				02FEDFBF26A802A9001DD368 /* AppDelegate.swift */,
				02FEDFC126A802A9001DD368 /* SceneDelegate.swift */,
				02FEDFC326A802A9001DD368 /* ViewController.swift */,
				02FEDFC526A802A9001DD368 /* Main.storyboard */,
				02FEDFC826A802AC001DD368 /* Assets.xcassets */,
				02FEDFCA26A802AC001DD368 /* LaunchScreen.storyboard */,
				02FEDFCD26A802AC001DD368 /* Info.plist */,
			);
			path = Quiz19_PageControlAndWebview;
			sourceTree = "<group>";
		};
/* End PBXGroup section */

/* Begin PBXNativeTarget section */
		02FEDFBB26A802A9001DD368 /* Quiz19_PageControlAndWebview */ = {
			isa = PBXNativeTarget;
			buildConfigurationList = 02FEDFD026A802AC001DD368 /* Build configuration list for PBXNativeTarget "Quiz19_PageControlAndWebview" */;
			buildPhases = (
				02FEDFB826A802A9001DD368 /* Sources */,
				02FEDFB926A802A9001DD368 /* Frameworks */,
				02FEDFBA26A802A9001DD368 /* Resources */,
			);
			buildRules = (
			);
			dependencies = (
			);
			name = Quiz19_PageControlAndWebview;
			productName = Quiz19_PageControlAndWebview;
			productReference = 02FEDFBC26A802A9001DD368 /* Quiz19_PageControlAndWebview.app */;
			productType = "com.apple.product-type.application";
		};
/* End PBXNativeTarget section */

/* Begin PBXProject section */
		02FEDFB426A802A9001DD368 /* Project object */ = {
			isa = PBXProject;
			attributes = {
				LastSwiftUpdateCheck = 1250;
				LastUpgradeCheck = 1250;
				TargetAttributes = {
					02FEDFBB26A802A9001DD368 = {
						CreatedOnToolsVersion = 12.5.1;
					};
				};
			};
			buildConfigurationList = 02FEDFB726A802A9001DD368 /* Build configuration list for PBXProject "Quiz19_PageControlAndWebview" */;
			compatibilityVersion = "Xcode 9.3";
			developmentRegion = en;
			hasScannedForEncodings = 0;
			knownRegions = (
				en,
				Base,
			);
			mainGroup = 02FEDFB326A802A9001DD368;
			productRefGroup = 02FEDFBD26A802A9001DD368 /* Products */;
			projectDirPath = "";
			projectRoot = "";
			targets = (
				02FEDFBB26A802A9001DD368 /* Quiz19_PageControlAndWebview */,
			);
		};
/* End PBXProject section */

/* Begin PBXResourcesBuildPhase section */
		02FEDFBA26A802A9001DD368 /* Resources */ = {
			isa = PBXResourcesBuildPhase;
			buildActionMask = 2147483647;
			files = (
				02FEDFCC26A802AC001DD368 /* LaunchScreen.storyboard in Resources */,
				02FEDFC926A802AC001DD368 /* Assets.xcassets in Resources */,
				02FEDFC726A802A9001DD368 /* Main.storyboard in Resources */,
			);
			runOnlyForDeploymentPostprocessing = 0;
		};
/* End PBXResourcesBuildPhase section */

/* Begin PBXSourcesBuildPhase section */
		02FEDFB826A802A9001DD368 /* Sources */ = {
			isa = PBXSourcesBuildPhase;
			buildActionMask = 2147483647;
			files = (
				02FEDFC426A802A9001DD368 /* ViewController.swift in Sources */,
				02FEDFC026A802A9001DD368 /* AppDelegate.swift in Sources */,
				02FEDFC226A802A9001DD368 /* SceneDelegate.swift in Sources */,
			);
			runOnlyForDeploymentPostprocessing = 0;
		};
/* End PBXSourcesBuildPhase section */

/* Begin PBXVariantGroup section */
		02FEDFC526A802A9001DD368 /* Main.storyboard */ = {
			isa = PBXVariantGroup;
			children = (
				02FEDFC626A802A9001DD368 /* Base */,
			);
			name = Main.storyboard;
			sourceTree = "<group>";
		};
		02FEDFCA26A802AC001DD368 /* LaunchScreen.storyboard */ = {
			isa = PBXVariantGroup;
			children = (
				02FEDFCB26A802AC001DD368 /* Base */,
			);
			name = LaunchScreen.storyboard;
			sourceTree = "<group>";
		};
/* End PBXVariantGroup section */

/* Begin XCBuildConfiguration section */
		02FEDFCE26A802AC001DD368 /* Debug */ = {
			isa = XCBuildConfiguration;
			buildSettings = {
				ALWAYS_SEARCH_USER_PATHS = NO;
				CLANG_ANALYZER_NONNULL = YES;
				CLANG_ANALYZER_NUMBER_OBJECT_CONVERSION = YES_AGGRESSIVE;
				CLANG_CXX_LANGUAGE_STANDARD = "gnu++14";
				CLANG_CXX_LIBRARY = "libc++";
				CLANG_ENABLE_MODULES = YES;
				CLANG_ENABLE_OBJC_ARC = YES;
				CLANG_ENABLE_OBJC_WEAK = YES;
				CLANG_WARN_BLOCK_CAPTURE_AUTORELEASING = YES;
				CLANG_WARN_BOOL_CONVERSION = YES;
				CLANG_WARN_COMMA = YES;
				CLANG_WARN_CONSTANT_CONVERSION = YES;
				CLANG_WARN_DEPRECATED_OBJC_IMPLEMENTATIONS = YES;
				CLANG_WARN_DIRECT_OBJC_ISA_USAGE = YES_ERROR;
				CLANG_WARN_DOCUMENTATION_COMMENTS = YES;
				CLANG_WARN_EMPTY_BODY = YES;
				CLANG_WARN_ENUM_CONVERSION = YES;
				CLANG_WARN_INFINITE_RECURSION = YES;
				CLANG_WARN_INT_CONVERSION = YES;
				CLANG_WARN_NON_LITERAL_NULL_CONVERSION = YES;
				CLANG_WARN_OBJC_IMPLICIT_RETAIN_SELF = YES;
				CLANG_WARN_OBJC_LITERAL_CONVERSION = YES;
				CLANG_WARN_OBJC_ROOT_CLASS = YES_ERROR;
				CLANG_WARN_QUOTED_INCLUDE_IN_FRAMEWORK_HEADER = YES;
				CLANG_WARN_RANGE_LOOP_ANALYSIS = YES;
				CLANG_WARN_STRICT_PROTOTYPES = YES;
				CLANG_WARN_SUSPICIOUS_MOVE = YES;
				CLANG_WARN_UNGUARDED_AVAILABILITY = YES_AGGRESSIVE;
				CLANG_WARN_UNREACHABLE_CODE = YES;
				CLANG_WARN__DUPLICATE_METHOD_MATCH = YES;
				COPY_PHASE_STRIP = NO;
				DEBUG_INFORMATION_FORMAT = dwarf;
				ENABLE_STRICT_OBJC_MSGSEND = YES;
				ENABLE_TESTABILITY = YES;
				GCC_C_LANGUAGE_STANDARD = gnu11;
				GCC_DYNAMIC_NO_PIC = NO;
				GCC_NO_COMMON_BLOCKS = YES;
				GCC_OPTIMIZATION_LEVEL = 0;
				GCC_PREPROCESSOR_DEFINITIONS = (
					"DEBUG=1",
					"$(inherited)",
				);
				GCC_WARN_64_TO_32_BIT_CONVERSION = YES;
				GCC_WARN_ABOUT_RETURN_TYPE = YES_ERROR;
				GCC_WARN_UNDECLARED_SELECTOR = YES;
				GCC_WARN_UNINITIALIZED_AUTOS = YES_AGGRESSIVE;
				GCC_WARN_UNUSED_FUNCTION = YES;
				GCC_WARN_UNUSED_VARIABLE = YES;
				IPHONEOS_DEPLOYMENT_TARGET = 14.5;
				MTL_ENABLE_DEBUG_INFO = INCLUDE_SOURCE;
				MTL_FAST_MATH = YES;
				ONLY_ACTIVE_ARCH = YES;
				SDKROOT = iphoneos;
				SWIFT_ACTIVE_COMPILATION_CONDITIONS = DEBUG;
				SWIFT_OPTIMIZATION_LEVEL = "-Onone";
			};
			name = Debug;
		};
		02FEDFCF26A802AC001DD368 /* Release */ = {
			isa = XCBuildConfiguration;
			buildSettings = {
				ALWAYS_SEARCH_USER_PATHS = NO;
				CLANG_ANALYZER_NONNULL = YES;
				CLANG_ANALYZER_NUMBER_OBJECT_CONVERSION = YES_AGGRESSIVE;
				CLANG_CXX_LANGUAGE_STANDARD = "gnu++14";
				CLANG_CXX_LIBRARY = "libc++";
				CLANG_ENABLE_MODULES = YES;
				CLANG_ENABLE_OBJC_ARC = YES;
				CLANG_ENABLE_OBJC_WEAK = YES;
				CLANG_WARN_BLOCK_CAPTURE_AUTORELEASING = YES;
				CLANG_WARN_BOOL_CONVERSION = YES;
				CLANG_WARN_COMMA = YES;
				CLANG_WARN_CONSTANT_CONVERSION = YES;
				CLANG_WARN_DEPRECATED_OBJC_IMPLEMENTATIONS = YES;
				CLANG_WARN_DIRECT_OBJC_ISA_USAGE = YES_ERROR;
				CLANG_WARN_DOCUMENTATION_COMMENTS = YES;
				CLANG_WARN_EMPTY_BODY = YES;
				CLANG_WARN_ENUM_CONVERSION = YES;
				CLANG_WARN_INFINITE_RECURSION = YES;
				CLANG_WARN_INT_CONVERSION = YES;
				CLANG_WARN_NON_LITERAL_NULL_CONVERSION = YES;
				CLANG_WARN_OBJC_IMPLICIT_RETAIN_SELF = YES;
				CLANG_WARN_OBJC_LITERAL_CONVERSION = YES;
				CLANG_WARN_OBJC_ROOT_CLASS = YES_ERROR;
				CLANG_WARN_QUOTED_INCLUDE_IN_FRAMEWORK_HEADER = YES;
				CLANG_WARN_RANGE_LOOP_ANALYSIS = YES;
				CLANG_WARN_STRICT_PROTOTYPES = YES;
				CLANG_WARN_SUSPICIOUS_MOVE = YES;
				CLANG_WARN_UNGUARDED_AVAILABILITY = YES_AGGRESSIVE;
				CLANG_WARN_UNREACHABLE_CODE = YES;
				CLANG_WARN__DUPLICATE_METHOD_MATCH = YES;
				COPY_PHASE_STRIP = NO;
				DEBUG_INFORMATION_FORMAT = "dwarf-with-dsym";
				ENABLE_NS_ASSERTIONS = NO;
				ENABLE_STRICT_OBJC_MSGSEND = YES;
				GCC_C_LANGUAGE_STANDARD = gnu11;
				GCC_NO_COMMON_BLOCKS = YES;
				GCC_WARN_64_TO_32_BIT_CONVERSION = YES;
				GCC_WARN_ABOUT_RETURN_TYPE = YES_ERROR;
				GCC_WARN_UNDECLARED_SELECTOR = YES;
				GCC_WARN_UNINITIALIZED_AUTOS = YES_AGGRESSIVE;
				GCC_WARN_UNUSED_FUNCTION = YES;
				GCC_WARN_UNUSED_VARIABLE = YES;
				IPHONEOS_DEPLOYMENT_TARGET = 14.5;
				MTL_ENABLE_DEBUG_INFO = NO;
				MTL_FAST_MATH = YES;
				SDKROOT = iphoneos;
				SWIFT_COMPILATION_MODE = wholemodule;
				SWIFT_OPTIMIZATION_LEVEL = "-O";
				VALIDATE_PRODUCT = YES;
			};
			name = Release;
		};
		02FEDFD126A802AC001DD368 /* Debug */ = {
			isa = XCBuildConfiguration;
			buildSettings = {
				ASSETCATALOG_COMPILER_APPICON_NAME = AppIcon;
				ASSETCATALOG_COMPILER_GLOBAL_ACCENT_COLOR_NAME = AccentColor;
				CODE_SIGN_STYLE = Automatic;
				DEVELOPMENT_TEAM = ZG542GY9D4;
				INFOPLIST_FILE = Quiz19_PageControlAndWebview/Info.plist;
				LD_RUNPATH_SEARCH_PATHS = (
					"$(inherited)",
					"@executable_path/Frameworks",
				);
				PRODUCT_BUNDLE_IDENTIFIER = "com.swiftlec.Quiz19-PageControlAndWebview";
				PRODUCT_NAME = "$(TARGET_NAME)";
				SWIFT_VERSION = 5.0;
				TARGETED_DEVICE_FAMILY = "1,2";
			};
			name = Debug;
		};
		02FEDFD226A802AC001DD368 /* Release */ = {
			isa = XCBuildConfiguration;
			buildSettings = {
				ASSETCATALOG_COMPILER_APPICON_NAME = AppIcon;
				ASSETCATALOG_COMPILER_GLOBAL_ACCENT_COLOR_NAME = AccentColor;
				CODE_SIGN_STYLE = Automatic;
				DEVELOPMENT_TEAM = ZG542GY9D4;
				INFOPLIST_FILE = Quiz19_PageControlAndWebview/Info.plist;
				LD_RUNPATH_SEARCH_PATHS = (
					"$(inherited)",
					"@executable_path/Frameworks",
				);
				PRODUCT_BUNDLE_IDENTIFIER = "com.swiftlec.Quiz19-PageControlAndWebview";
				PRODUCT_NAME = "$(TARGET_NAME)";
				SWIFT_VERSION = 5.0;
				TARGETED_DEVICE_FAMILY = "1,2";
			};
			name = Release;
		};
/* End XCBuildConfiguration section */

/* Begin XCConfigurationList section */
		02FEDFB726A802A9001DD368 /* Build configuration list for PBXProject "Quiz19_PageControlAndWebview" */ = {
			isa = XCConfigurationList;
			buildConfigurations = (
				02FEDFCE26A802AC001DD368 /* Debug */,
				02FEDFCF26A802AC001DD368 /* Release */,
			);
			defaultConfigurationIsVisible = 0;
			defaultConfigurationName = Release;
		};
		02FEDFD026A802AC001DD368 /* Build configuration list for PBXNativeTarget "Quiz19_PageControlAndWebview" */ = {
			isa = XCConfigurationList;
			buildConfigurations = (
				02FEDFD126A802AC001DD368 /* Debug */,
				02FEDFD226A802AC001DD368 /* Release */,
			);
			defaultConfigurationIsVisible = 0;
			defaultConfigurationName = Release;
		};
/* End XCConfigurationList section */
	};
	rootObject = 02FEDFB426A802A9001DD368 /* Project object */;
}
