// !$*UTF8*$!
{
	archiveVersion = 1;
	classes = {
	};
	objectVersion = 50;
	objects = {

/* Begin PBXBuildFile section */
		020D81B426AAA1B700014F16 /* AppDelegate.swift in Sources */ = {isa = PBXBuildFile; fileRef = 020D81B326AAA1B700014F16 /* AppDelegate.swift */; };
		020D81B626AAA1B700014F16 /* SceneDelegate.swift in Sources */ = {isa = PBXBuildFile; fileRef = 020D81B526AAA1B700014F16 /* SceneDelegate.swift */; };
		020D81B826AAA1B700014F16 /* ViewController.swift in Sources */ = {isa = PBXBuildFile; fileRef = 020D81B726AAA1B700014F16 /* ViewController.swift */; };
		020D81BB26AAA1B700014F16 /* Main.storyboard in Resources */ = {isa = PBXBuildFile; fileRef = 020D81B926AAA1B700014F16 /* Main.storyboard */; };
		020D81BD26AAA1BB00014F16 /* Assets.xcassets in Resources */ = {isa = PBXBuildFile; fileRef = 020D81BC26AAA1BB00014F16 /* Assets.xcassets */; };
		020D81C026AAA1BB00014F16 /* LaunchScreen.storyboard in Resources */ = {isa = PBXBuildFile; fileRef = 020D81BE26AAA1BB00014F16 /* LaunchScreen.storyboard */; };
/* End PBXBuildFile section */

/* Begin PBXFileReference section */
		020D81B026AAA1B700014F16 /* Quiz13-01_PageControlAndMap.app */ = {isa = PBXFileReference; explicitFileType = wrapper.application; includeInIndex = 0; path = "Quiz13-01_PageControlAndMap.app"; sourceTree = BUILT_PRODUCTS_DIR; };
		020D81B326AAA1B700014F16 /* AppDelegate.swift */ = {isa = PBXFileReference; lastKnownFileType = sourcecode.swift; path = AppDelegate.swift; sourceTree = "<group>"; };
		020D81B526AAA1B700014F16 /* SceneDelegate.swift */ = {isa = PBXFileReference; lastKnownFileType = sourcecode.swift; path = SceneDelegate.swift; sourceTree = "<group>"; };
		020D81B726AAA1B700014F16 /* ViewController.swift */ = {isa = PBXFileReference; lastKnownFileType = sourcecode.swift; path = ViewController.swift; sourceTree = "<group>"; };
		020D81BA26AAA1B700014F16 /* Base */ = {isa = PBXFileReference; lastKnownFileType = file.storyboard; name = Base; path = Base.lproj/Main.storyboard; sourceTree = "<group>"; };
		020D81BC26AAA1BB00014F16 /* Assets.xcassets */ = {isa = PBXFileReference; lastKnownFileType = folder.assetcatalog; path = Assets.xcassets; sourceTree = "<group>"; };
		020D81BF26AAA1BB00014F16 /* Base */ = {isa = PBXFileReference; lastKnownFileType = file.storyboard; name = Base; path = Base.lproj/LaunchScreen.storyboard; sourceTree = "<group>"; };
		020D81C126AAA1BB00014F16 /* Info.plist */ = {isa = PBXFileReference; lastKnownFileType = text.plist.xml; path = Info.plist; sourceTree = "<group>"; };
/* End PBXFileReference section */

/* Begin PBXFrameworksBuildPhase section */
		020D81AD26AAA1B700014F16 /* Frameworks */ = {
			isa = PBXFrameworksBuildPhase;
			buildActionMask = 2147483647;
			files = (
			);
			runOnlyForDeploymentPostprocessing = 0;
		};
/* End PBXFrameworksBuildPhase section */

/* Begin PBXGroup section */
		020D81A726AAA1B700014F16 = {
			isa = PBXGroup;
			children = (
				020D81B226AAA1B700014F16 /* Quiz13-01_PageControlAndMap */,
				020D81B126AAA1B700014F16 /* Products */,
			);
			sourceTree = "<group>";
		};
		020D81B126AAA1B700014F16 /* Products */ = {
			isa = PBXGroup;
			children = (
				020D81B026AAA1B700014F16 /* Quiz13-01_PageControlAndMap.app */,
			);
			name = Products;
			sourceTree = "<group>";
		};
		020D81B226AAA1B700014F16 /* Quiz13-01_PageControlAndMap */ = {
			isa = PBXGroup;
			children = (
				020D81B326AAA1B700014F16 /* AppDelegate.swift */,
				020D81B526AAA1B700014F16 /* SceneDelegate.swift */,
				020D81B726AAA1B700014F16 /* ViewController.swift */,
				020D81B926AAA1B700014F16 /* Main.storyboard */,
				020D81BC26AAA1BB00014F16 /* Assets.xcassets */,
				020D81BE26AAA1BB00014F16 /* LaunchScreen.storyboard */,
				020D81C126AAA1BB00014F16 /* Info.plist */,
			);
			path = "Quiz13-01_PageControlAndMap";
			sourceTree = "<group>";
		};
/* End PBXGroup section */

/* Begin PBXNativeTarget section */
		020D81AF26AAA1B700014F16 /* Quiz13-01_PageControlAndMap */ = {
			isa = PBXNativeTarget;
			buildConfigurationList = 020D81C426AAA1BB00014F16 /* Build configuration list for PBXNativeTarget "Quiz13-01_PageControlAndMap" */;
			buildPhases = (
				020D81AC26AAA1B700014F16 /* Sources */,
				020D81AD26AAA1B700014F16 /* Frameworks */,
				020D81AE26AAA1B700014F16 /* Resources */,
			);
			buildRules = (
			);
			dependencies = (
			);
			name = "Quiz13-01_PageControlAndMap";
			productName = "Quiz13-01_PageControlAndMap";
			productReference = 020D81B026AAA1B700014F16 /* Quiz13-01_PageControlAndMap.app */;
			productType = "com.apple.product-type.application";
		};
/* End PBXNativeTarget section */

/* Begin PBXProject section */
		020D81A826AAA1B700014F16 /* Project object */ = {
			isa = PBXProject;
			attributes = {
				LastSwiftUpdateCheck = 1250;
				LastUpgradeCheck = 1250;
				TargetAttributes = {
					020D81AF26AAA1B700014F16 = {
						CreatedOnToolsVersion = 12.5.1;
					};
				};
			};
			buildConfigurationList = 020D81AB26AAA1B700014F16 /* Build configuration list for PBXProject "Quiz13-01_PageControlAndMap" */;
			compatibilityVersion = "Xcode 9.3";
			developmentRegion = en;
			hasScannedForEncodings = 0;
			knownRegions = (
				en,
				Base,
			);
			mainGroup = 020D81A726AAA1B700014F16;
			productRefGroup = 020D81B126AAA1B700014F16 /* Products */;
			projectDirPath = "";
			projectRoot = "";
			targets = (
				020D81AF26AAA1B700014F16 /* Quiz13-01_PageControlAndMap */,
			);
		};
/* End PBXProject section */

/* Begin PBXResourcesBuildPhase section */
		020D81AE26AAA1B700014F16 /* Resources */ = {
			isa = PBXResourcesBuildPhase;
			buildActionMask = 2147483647;
			files = (
				020D81C026AAA1BB00014F16 /* LaunchScreen.storyboard in Resources */,
				020D81BD26AAA1BB00014F16 /* Assets.xcassets in Resources */,
				020D81BB26AAA1B700014F16 /* Main.storyboard in Resources */,
			);
			runOnlyForDeploymentPostprocessing = 0;
		};
/* End PBXResourcesBuildPhase section */

/* Begin PBXSourcesBuildPhase section */
		020D81AC26AAA1B700014F16 /* Sources */ = {
			isa = PBXSourcesBuildPhase;
			buildActionMask = 2147483647;
			files = (
				020D81B826AAA1B700014F16 /* ViewController.swift in Sources */,
				020D81B426AAA1B700014F16 /* AppDelegate.swift in Sources */,
				020D81B626AAA1B700014F16 /* SceneDelegate.swift in Sources */,
			);
			runOnlyForDeploymentPostprocessing = 0;
		};
/* End PBXSourcesBuildPhase section */

/* Begin PBXVariantGroup section */
		020D81B926AAA1B700014F16 /* Main.storyboard */ = {
			isa = PBXVariantGroup;
			children = (
				020D81BA26AAA1B700014F16 /* Base */,
			);
			name = Main.storyboard;
			sourceTree = "<group>";
		};
		020D81BE26AAA1BB00014F16 /* LaunchScreen.storyboard */ = {
			isa = PBXVariantGroup;
			children = (
				020D81BF26AAA1BB00014F16 /* Base */,
			);
			name = LaunchScreen.storyboard;
			sourceTree = "<group>";
		};
/* End PBXVariantGroup section */

/* Begin XCBuildConfiguration section */
		020D81C226AAA1BB00014F16 /* Debug */ = {
			isa = XCBuildConfiguration;
			buildSettings = {
				ALWAYS_SEARCH_USER_PATHS = NO;
				CLANG_ANALYZER_NONNULL = YES;
				CLANG_ANALYZER_NUMBER_OBJECT_CONVERSION = YES_AGGRESSIVE;
				CLANG_CXX_LANGUAGE_STANDARD = "gnu++14";
				CLANG_CXX_LIBRARY = "libc++";
				CLANG_ENABLE_MODULES = YES;
				CLANG_ENABLE_OBJC_ARC = YES;
				CLANG_ENABLE_OBJC_WEAK = YES;
				CLANG_WARN_BLOCK_CAPTURE_AUTORELEASING = YES;
				CLANG_WARN_BOOL_CONVERSION = YES;
				CLANG_WARN_COMMA = YES;
				CLANG_WARN_CONSTANT_CONVERSION = YES;
				CLANG_WARN_DEPRECATED_OBJC_IMPLEMENTATIONS = YES;
				CLANG_WARN_DIRECT_OBJC_ISA_USAGE = YES_ERROR;
				CLANG_WARN_DOCUMENTATION_COMMENTS = YES;
				CLANG_WARN_EMPTY_BODY = YES;
				CLANG_WARN_ENUM_CONVERSION = YES;
				CLANG_WARN_INFINITE_RECURSION = YES;
				CLANG_WARN_INT_CONVERSION = YES;
				CLANG_WARN_NON_LITERAL_NULL_CONVERSION = YES;
				CLANG_WARN_OBJC_IMPLICIT_RETAIN_SELF = YES;
				CLANG_WARN_OBJC_LITERAL_CONVERSION = YES;
				CLANG_WARN_OBJC_ROOT_CLASS = YES_ERROR;
				CLANG_WARN_QUOTED_INCLUDE_IN_FRAMEWORK_HEADER = YES;
				CLANG_WARN_RANGE_LOOP_ANALYSIS = YES;
				CLANG_WARN_STRICT_PROTOTYPES = YES;
				CLANG_WARN_SUSPICIOUS_MOVE = YES;
				CLANG_WARN_UNGUARDED_AVAILABILITY = YES_AGGRESSIVE;
				CLANG_WARN_UNREACHABLE_CODE = YES;
				CLANG_WARN__DUPLICATE_METHOD_MATCH = YES;
				COPY_PHASE_STRIP = NO;
				DEBUG_INFORMATION_FORMAT = dwarf;
				ENABLE_STRICT_OBJC_MSGSEND = YES;
				ENABLE_TESTABILITY = YES;
				GCC_C_LANGUAGE_STANDARD = gnu11;
				GCC_DYNAMIC_NO_PIC = NO;
				GCC_NO_COMMON_BLOCKS = YES;
				GCC_OPTIMIZATION_LEVEL = 0;
				GCC_PREPROCESSOR_DEFINITIONS = (
					"DEBUG=1",
					"$(inherited)",
				);
				GCC_WARN_64_TO_32_BIT_CONVERSION = YES;
				GCC_WARN_ABOUT_RETURN_TYPE = YES_ERROR;
				GCC_WARN_UNDECLARED_SELECTOR = YES;
				GCC_WARN_UNINITIALIZED_AUTOS = YES_AGGRESSIVE;
				GCC_WARN_UNUSED_FUNCTION = YES;
				GCC_WARN_UNUSED_VARIABLE = YES;
				IPHONEOS_DEPLOYMENT_TARGET = 14.5;
				MTL_ENABLE_DEBUG_INFO = INCLUDE_SOURCE;
				MTL_FAST_MATH = YES;
				ONLY_ACTIVE_ARCH = YES;
				SDKROOT = iphoneos;
				SWIFT_ACTIVE_COMPILATION_CONDITIONS = DEBUG;
				SWIFT_OPTIMIZATION_LEVEL = "-Onone";
			};
			name = Debug;
		};
		020D81C326AAA1BB00014F16 /* Release */ = {
			isa = XCBuildConfiguration;
			buildSettings = {
				ALWAYS_SEARCH_USER_PATHS = NO;
				CLANG_ANALYZER_NONNULL = YES;
				CLANG_ANALYZER_NUMBER_OBJECT_CONVERSION = YES_AGGRESSIVE;
				CLANG_CXX_LANGUAGE_STANDARD = "gnu++14";
				CLANG_CXX_LIBRARY = "libc++";
				CLANG_ENABLE_MODULES = YES;
				CLANG_ENABLE_OBJC_ARC = YES;
				CLANG_ENABLE_OBJC_WEAK = YES;
				CLANG_WARN_BLOCK_CAPTURE_AUTORELEASING = YES;
				CLANG_WARN_BOOL_CONVERSION = YES;
				CLANG_WARN_COMMA = YES;
				CLANG_WARN_CONSTANT_CONVERSION = YES;
				CLANG_WARN_DEPRECATED_OBJC_IMPLEMENTATIONS = YES;
				CLANG_WARN_DIRECT_OBJC_ISA_USAGE = YES_ERROR;
				CLANG_WARN_DOCUMENTATION_COMMENTS = YES;
				CLANG_WARN_EMPTY_BODY = YES;
				CLANG_WARN_ENUM_CONVERSION = YES;
				CLANG_WARN_INFINITE_RECURSION = YES;
				CLANG_WARN_INT_CONVERSION = YES;
				CLANG_WARN_NON_LITERAL_NULL_CONVERSION = YES;
				CLANG_WARN_OBJC_IMPLICIT_RETAIN_SELF = YES;
				CLANG_WARN_OBJC_LITERAL_CONVERSION = YES;
				CLANG_WARN_OBJC_ROOT_CLASS = YES_ERROR;
				CLANG_WARN_QUOTED_INCLUDE_IN_FRAMEWORK_HEADER = YES;
				CLANG_WARN_RANGE_LOOP_ANALYSIS = YES;
				CLANG_WARN_STRICT_PROTOTYPES = YES;
				CLANG_WARN_SUSPICIOUS_MOVE = YES;
				CLANG_WARN_UNGUARDED_AVAILABILITY = YES_AGGRESSIVE;
				CLANG_WARN_UNREACHABLE_CODE = YES;
				CLANG_WARN__DUPLICATE_METHOD_MATCH = YES;
				COPY_PHASE_STRIP = NO;
				DEBUG_INFORMATION_FORMAT = "dwarf-with-dsym";
				ENABLE_NS_ASSERTIONS = NO;
				ENABLE_STRICT_OBJC_MSGSEND = YES;
				GCC_C_LANGUAGE_STANDARD = gnu11;
				GCC_NO_COMMON_BLOCKS = YES;
				GCC_WARN_64_TO_32_BIT_CONVERSION = YES;
				GCC_WARN_ABOUT_RETURN_TYPE = YES_ERROR;
				GCC_WARN_UNDECLARED_SELECTOR = YES;
				GCC_WARN_UNINITIALIZED_AUTOS = YES_AGGRESSIVE;
				GCC_WARN_UNUSED_FUNCTION = YES;
				GCC_WARN_UNUSED_VARIABLE = YES;
				IPHONEOS_DEPLOYMENT_TARGET = 14.5;
				MTL_ENABLE_DEBUG_INFO = NO;
				MTL_FAST_MATH = YES;
				SDKROOT = iphoneos;
				SWIFT_COMPILATION_MODE = wholemodule;
				SWIFT_OPTIMIZATION_LEVEL = "-O";
				VALIDATE_PRODUCT = YES;
			};
			name = Release;
		};
		020D81C526AAA1BB00014F16 /* Debug */ = {
			isa = XCBuildConfiguration;
			buildSettings = {
				ASSETCATALOG_COMPILER_APPICON_NAME = AppIcon;
				ASSETCATALOG_COMPILER_GLOBAL_ACCENT_COLOR_NAME = AccentColor;
				CODE_SIGN_STYLE = Automatic;
				DEVELOPMENT_TEAM = ZG542GY9D4;
				INFOPLIST_FILE = "Quiz13-01_PageControlAndMap/Info.plist";
				IPHONEOS_DEPLOYMENT_TARGET = 14.5;
				LD_RUNPATH_SEARCH_PATHS = (
					"$(inherited)",
					"@executable_path/Frameworks",
				);
				PRODUCT_BUNDLE_IDENTIFIER = "com.swiftlec.Quiz13-01-PageControlAndMap";
				PRODUCT_NAME = "$(TARGET_NAME)";
				SWIFT_VERSION = 5.0;
				TARGETED_DEVICE_FAMILY = "1,2";
			};
			name = Debug;
		};
		020D81C626AAA1BB00014F16 /* Release */ = {
			isa = XCBuildConfiguration;
			buildSettings = {
				ASSETCATALOG_COMPILER_APPICON_NAME = AppIcon;
				ASSETCATALOG_COMPILER_GLOBAL_ACCENT_COLOR_NAME = AccentColor;
				CODE_SIGN_STYLE = Automatic;
				DEVELOPMENT_TEAM = ZG542GY9D4;
				INFOPLIST_FILE = "Quiz13-01_PageControlAndMap/Info.plist";
				IPHONEOS_DEPLOYMENT_TARGET = 14.5;
				LD_RUNPATH_SEARCH_PATHS = (
					"$(inherited)",
					"@executable_path/Frameworks",
				);
				PRODUCT_BUNDLE_IDENTIFIER = "com.swiftlec.Quiz13-01-PageControlAndMap";
				PRODUCT_NAME = "$(TARGET_NAME)";
				SWIFT_VERSION = 5.0;
				TARGETED_DEVICE_FAMILY = "1,2";
			};
			name = Release;
		};
/* End XCBuildConfiguration section */

/* Begin XCConfigurationList section */
		020D81AB26AAA1B700014F16 /* Build configuration list for PBXProject "Quiz13-01_PageControlAndMap" */ = {
			isa = XCConfigurationList;
			buildConfigurations = (
				020D81C226AAA1BB00014F16 /* Debug */,
				020D81C326AAA1BB00014F16 /* Release */,
			);
			defaultConfigurationIsVisible = 0;
			defaultConfigurationName = Release;
		};
		020D81C426AAA1BB00014F16 /* Build configuration list for PBXNativeTarget "Quiz13-01_PageControlAndMap" */ = {
			isa = XCConfigurationList;
			buildConfigurations = (
				020D81C526AAA1BB00014F16 /* Debug */,
				020D81C626AAA1BB00014F16 /* Release */,
			);
			defaultConfigurationIsVisible = 0;
			defaultConfigurationName = Release;
		};
/* End XCConfigurationList section */
	};
	rootObject = 020D81A826AAA1B700014F16 /* Project object */;
}
