// !$*UTF8*$!
{
	archiveVersion = 1;
	classes = {
	};
	objectVersion = 50;
	objects = {

/* Begin PBXBuildFile section */
		02566FC526A7C9DD000C4E5F /* AppDelegate.swift in Sources */ = {isa = PBXBuildFile; fileRef = 02566FC426A7C9DD000C4E5F /* AppDelegate.swift */; };
		02566FC726A7C9DD000C4E5F /* SceneDelegate.swift in Sources */ = {isa = PBXBuildFile; fileRef = 02566FC626A7C9DD000C4E5F /* SceneDelegate.swift */; };
		02566FC926A7C9DD000C4E5F /* ViewController.swift in Sources */ = {isa = PBXBuildFile; fileRef = 02566FC826A7C9DD000C4E5F /* ViewController.swift */; };
		02566FCC26A7C9DD000C4E5F /* Main.storyboard in Resources */ = {isa = PBXBuildFile; fileRef = 02566FCA26A7C9DD000C4E5F /* Main.storyboard */; };
		02566FCE26A7C9DF000C4E5F /* Assets.xcassets in Resources */ = {isa = PBXBuildFile; fileRef = 02566FCD26A7C9DF000C4E5F /* Assets.xcassets */; };
		02566FD126A7C9DF000C4E5F /* LaunchScreen.storyboard in Resources */ = {isa = PBXBuildFile; fileRef = 02566FCF26A7C9DF000C4E5F /* LaunchScreen.storyboard */; };
/* End PBXBuildFile section */

/* Begin PBXFileReference section */
		02566FC126A7C9DD000C4E5F /* Quiz18_PickerViewAndWebView.app */ = {isa = PBXFileReference; explicitFileType = wrapper.application; includeInIndex = 0; path = Quiz18_PickerViewAndWebView.app; sourceTree = BUILT_PRODUCTS_DIR; };
		02566FC426A7C9DD000C4E5F /* AppDelegate.swift */ = {isa = PBXFileReference; lastKnownFileType = sourcecode.swift; path = AppDelegate.swift; sourceTree = "<group>"; };
		02566FC626A7C9DD000C4E5F /* SceneDelegate.swift */ = {isa = PBXFileReference; lastKnownFileType = sourcecode.swift; path = SceneDelegate.swift; sourceTree = "<group>"; };
		02566FC826A7C9DD000C4E5F /* ViewController.swift */ = {isa = PBXFileReference; lastKnownFileType = sourcecode.swift; path = ViewController.swift; sourceTree = "<group>"; };
		02566FCB26A7C9DD000C4E5F /* Base */ = {isa = PBXFileReference; lastKnownFileType = file.storyboard; name = Base; path = Base.lproj/Main.storyboard; sourceTree = "<group>"; };
		02566FCD26A7C9DF000C4E5F /* Assets.xcassets */ = {isa = PBXFileReference; lastKnownFileType = folder.assetcatalog; path = Assets.xcassets; sourceTree = "<group>"; };
		02566FD026A7C9DF000C4E5F /* Base */ = {isa = PBXFileReference; lastKnownFileType = file.storyboard; name = Base; path = Base.lproj/LaunchScreen.storyboard; sourceTree = "<group>"; };
		02566FD226A7C9DF000C4E5F /* Info.plist */ = {isa = PBXFileReference; lastKnownFileType = text.plist.xml; path = Info.plist; sourceTree = "<group>"; };
/* End PBXFileReference section */

/* Begin PBXFrameworksBuildPhase section */
		02566FBE26A7C9DD000C4E5F /* Frameworks */ = {
			isa = PBXFrameworksBuildPhase;
			buildActionMask = 2147483647;
			files = (
			);
			runOnlyForDeploymentPostprocessing = 0;
		};
/* End PBXFrameworksBuildPhase section */

/* Begin PBXGroup section */
		02566FB826A7C9DD000C4E5F = {
			isa = PBXGroup;
			children = (
				02566FC326A7C9DD000C4E5F /* Quiz18_PickerViewAndWebView */,
				02566FC226A7C9DD000C4E5F /* Products */,
			);
			sourceTree = "<group>";
		};
		02566FC226A7C9DD000C4E5F /* Products */ = {
			isa = PBXGroup;
			children = (
				02566FC126A7C9DD000C4E5F /* Quiz18_PickerViewAndWebView.app */,
			);
			name = Products;
			sourceTree = "<group>";
		};
		02566FC326A7C9DD000C4E5F /* Quiz18_PickerViewAndWebView */ = {
			isa = PBXGroup;
			children = (
				02566FC426A7C9DD000C4E5F /* AppDelegate.swift */,
				02566FC626A7C9DD000C4E5F /* SceneDelegate.swift */,
				02566FC826A7C9DD000C4E5F /* ViewController.swift */,
				02566FCA26A7C9DD000C4E5F /* Main.storyboard */,
				02566FCD26A7C9DF000C4E5F /* Assets.xcassets */,
				02566FCF26A7C9DF000C4E5F /* LaunchScreen.storyboard */,
				02566FD226A7C9DF000C4E5F /* Info.plist */,
			);
			path = Quiz18_PickerViewAndWebView;
			sourceTree = "<group>";
		};
/* End PBXGroup section */

/* Begin PBXNativeTarget section */
		02566FC026A7C9DD000C4E5F /* Quiz18_PickerViewAndWebView */ = {
			isa = PBXNativeTarget;
			buildConfigurationList = 02566FD526A7C9DF000C4E5F /* Build configuration list for PBXNativeTarget "Quiz18_PickerViewAndWebView" */;
			buildPhases = (
				02566FBD26A7C9DD000C4E5F /* Sources */,
				02566FBE26A7C9DD000C4E5F /* Frameworks */,
				02566FBF26A7C9DD000C4E5F /* Resources */,
			);
			buildRules = (
			);
			dependencies = (
			);
			name = Quiz18_PickerViewAndWebView;
			productName = Quiz18_PickerViewAndWebView;
			productReference = 02566FC126A7C9DD000C4E5F /* Quiz18_PickerViewAndWebView.app */;
			productType = "com.apple.product-type.application";
		};
/* End PBXNativeTarget section */

/* Begin PBXProject section */
		02566FB926A7C9DD000C4E5F /* Project object */ = {
			isa = PBXProject;
			attributes = {
				LastSwiftUpdateCheck = 1250;
				LastUpgradeCheck = 1250;
				TargetAttributes = {
					02566FC026A7C9DD000C4E5F = {
						CreatedOnToolsVersion = 12.5.1;
					};
				};
			};
			buildConfigurationList = 02566FBC26A7C9DD000C4E5F /* Build configuration list for PBXProject "Quiz18_PickerViewAndWebView" */;
			compatibilityVersion = "Xcode 9.3";
			developmentRegion = en;
			hasScannedForEncodings = 0;
			knownRegions = (
				en,
				Base,
			);
			mainGroup = 02566FB826A7C9DD000C4E5F;
			productRefGroup = 02566FC226A7C9DD000C4E5F /* Products */;
			projectDirPath = "";
			projectRoot = "";
			targets = (
				02566FC026A7C9DD000C4E5F /* Quiz18_PickerViewAndWebView */,
			);
		};
/* End PBXProject section */

/* Begin PBXResourcesBuildPhase section */
		02566FBF26A7C9DD000C4E5F /* Resources */ = {
			isa = PBXResourcesBuildPhase;
			buildActionMask = 2147483647;
			files = (
				02566FD126A7C9DF000C4E5F /* LaunchScreen.storyboard in Resources */,
				02566FCE26A7C9DF000C4E5F /* Assets.xcassets in Resources */,
				02566FCC26A7C9DD000C4E5F /* Main.storyboard in Resources */,
			);
			runOnlyForDeploymentPostprocessing = 0;
		};
/* End PBXResourcesBuildPhase section */

/* Begin PBXSourcesBuildPhase section */
		02566FBD26A7C9DD000C4E5F /* Sources */ = {
			isa = PBXSourcesBuildPhase;
			buildActionMask = 2147483647;
			files = (
				02566FC926A7C9DD000C4E5F /* ViewController.swift in Sources */,
				02566FC526A7C9DD000C4E5F /* AppDelegate.swift in Sources */,
				02566FC726A7C9DD000C4E5F /* SceneDelegate.swift in Sources */,
			);
			runOnlyForDeploymentPostprocessing = 0;
		};
/* End PBXSourcesBuildPhase section */

/* Begin PBXVariantGroup section */
		02566FCA26A7C9DD000C4E5F /* Main.storyboard */ = {
			isa = PBXVariantGroup;
			children = (
				02566FCB26A7C9DD000C4E5F /* Base */,
			);
			name = Main.storyboard;
			sourceTree = "<group>";
		};
		02566FCF26A7C9DF000C4E5F /* LaunchScreen.storyboard */ = {
			isa = PBXVariantGroup;
			children = (
				02566FD026A7C9DF000C4E5F /* Base */,
			);
			name = LaunchScreen.storyboard;
			sourceTree = "<group>";
		};
/* End PBXVariantGroup section */

/* Begin XCBuildConfiguration section */
		02566FD326A7C9DF000C4E5F /* Debug */ = {
			isa = XCBuildConfiguration;
			buildSettings = {
				ALWAYS_SEARCH_USER_PATHS = NO;
				CLANG_ANALYZER_NONNULL = YES;
				CLANG_ANALYZER_NUMBER_OBJECT_CONVERSION = YES_AGGRESSIVE;
				CLANG_CXX_LANGUAGE_STANDARD = "gnu++14";
				CLANG_CXX_LIBRARY = "libc++";
				CLANG_ENABLE_MODULES = YES;
				CLANG_ENABLE_OBJC_ARC = YES;
				CLANG_ENABLE_OBJC_WEAK = YES;
				CLANG_WARN_BLOCK_CAPTURE_AUTORELEASING = YES;
				CLANG_WARN_BOOL_CONVERSION = YES;
				CLANG_WARN_COMMA = YES;
				CLANG_WARN_CONSTANT_CONVERSION = YES;
				CLANG_WARN_DEPRECATED_OBJC_IMPLEMENTATIONS = YES;
				CLANG_WARN_DIRECT_OBJC_ISA_USAGE = YES_ERROR;
				CLANG_WARN_DOCUMENTATION_COMMENTS = YES;
				CLANG_WARN_EMPTY_BODY = YES;
				CLANG_WARN_ENUM_CONVERSION = YES;
				CLANG_WARN_INFINITE_RECURSION = YES;
				CLANG_WARN_INT_CONVERSION = YES;
				CLANG_WARN_NON_LITERAL_NULL_CONVERSION = YES;
				CLANG_WARN_OBJC_IMPLICIT_RETAIN_SELF = YES;
				CLANG_WARN_OBJC_LITERAL_CONVERSION = YES;
				CLANG_WARN_OBJC_ROOT_CLASS = YES_ERROR;
				CLANG_WARN_QUOTED_INCLUDE_IN_FRAMEWORK_HEADER = YES;
				CLANG_WARN_RANGE_LOOP_ANALYSIS = YES;
				CLANG_WARN_STRICT_PROTOTYPES = YES;
				CLANG_WARN_SUSPICIOUS_MOVE = YES;
				CLANG_WARN_UNGUARDED_AVAILABILITY = YES_AGGRESSIVE;
				CLANG_WARN_UNREACHABLE_CODE = YES;
				CLANG_WARN__DUPLICATE_METHOD_MATCH = YES;
				COPY_PHASE_STRIP = NO;
				DEBUG_INFORMATION_FORMAT = dwarf;
				ENABLE_STRICT_OBJC_MSGSEND = YES;
				ENABLE_TESTABILITY = YES;
				GCC_C_LANGUAGE_STANDARD = gnu11;
				GCC_DYNAMIC_NO_PIC = NO;
				GCC_NO_COMMON_BLOCKS = YES;
				GCC_OPTIMIZATION_LEVEL = 0;
				GCC_PREPROCESSOR_DEFINITIONS = (
					"DEBUG=1",
					"$(inherited)",
				);
				GCC_WARN_64_TO_32_BIT_CONVERSION = YES;
				GCC_WARN_ABOUT_RETURN_TYPE = YES_ERROR;
				GCC_WARN_UNDECLARED_SELECTOR = YES;
				GCC_WARN_UNINITIALIZED_AUTOS = YES_AGGRESSIVE;
				GCC_WARN_UNUSED_FUNCTION = YES;
				GCC_WARN_UNUSED_VARIABLE = YES;
				IPHONEOS_DEPLOYMENT_TARGET = 14.5;
				MTL_ENABLE_DEBUG_INFO = INCLUDE_SOURCE;
				MTL_FAST_MATH = YES;
				ONLY_ACTIVE_ARCH = YES;
				SDKROOT = iphoneos;
				SWIFT_ACTIVE_COMPILATION_CONDITIONS = DEBUG;
				SWIFT_OPTIMIZATION_LEVEL = "-Onone";
			};
			name = Debug;
		};
		02566FD426A7C9DF000C4E5F /* Release */ = {
			isa = XCBuildConfiguration;
			buildSettings = {
				ALWAYS_SEARCH_USER_PATHS = NO;
				CLANG_ANALYZER_NONNULL = YES;
				CLANG_ANALYZER_NUMBER_OBJECT_CONVERSION = YES_AGGRESSIVE;
				CLANG_CXX_LANGUAGE_STANDARD = "gnu++14";
				CLANG_CXX_LIBRARY = "libc++";
				CLANG_ENABLE_MODULES = YES;
				CLANG_ENABLE_OBJC_ARC = YES;
				CLANG_ENABLE_OBJC_WEAK = YES;
				CLANG_WARN_BLOCK_CAPTURE_AUTORELEASING = YES;
				CLANG_WARN_BOOL_CONVERSION = YES;
				CLANG_WARN_COMMA = YES;
				CLANG_WARN_CONSTANT_CONVERSION = YES;
				CLANG_WARN_DEPRECATED_OBJC_IMPLEMENTATIONS = YES;
				CLANG_WARN_DIRECT_OBJC_ISA_USAGE = YES_ERROR;
				CLANG_WARN_DOCUMENTATION_COMMENTS = YES;
				CLANG_WARN_EMPTY_BODY = YES;
				CLANG_WARN_ENUM_CONVERSION = YES;
				CLANG_WARN_INFINITE_RECURSION = YES;
				CLANG_WARN_INT_CONVERSION = YES;
				CLANG_WARN_NON_LITERAL_NULL_CONVERSION = YES;
				CLANG_WARN_OBJC_IMPLICIT_RETAIN_SELF = YES;
				CLANG_WARN_OBJC_LITERAL_CONVERSION = YES;
				CLANG_WARN_OBJC_ROOT_CLASS = YES_ERROR;
				CLANG_WARN_QUOTED_INCLUDE_IN_FRAMEWORK_HEADER = YES;
				CLANG_WARN_RANGE_LOOP_ANALYSIS = YES;
				CLANG_WARN_STRICT_PROTOTYPES = YES;
				CLANG_WARN_SUSPICIOUS_MOVE = YES;
				CLANG_WARN_UNGUARDED_AVAILABILITY = YES_AGGRESSIVE;
				CLANG_WARN_UNREACHABLE_CODE = YES;
				CLANG_WARN__DUPLICATE_METHOD_MATCH = YES;
				COPY_PHASE_STRIP = NO;
				DEBUG_INFORMATION_FORMAT = "dwarf-with-dsym";
				ENABLE_NS_ASSERTIONS = NO;
				ENABLE_STRICT_OBJC_MSGSEND = YES;
				GCC_C_LANGUAGE_STANDARD = gnu11;
				GCC_NO_COMMON_BLOCKS = YES;
				GCC_WARN_64_TO_32_BIT_CONVERSION = YES;
				GCC_WARN_ABOUT_RETURN_TYPE = YES_ERROR;
				GCC_WARN_UNDECLARED_SELECTOR = YES;
				GCC_WARN_UNINITIALIZED_AUTOS = YES_AGGRESSIVE;
				GCC_WARN_UNUSED_FUNCTION = YES;
				GCC_WARN_UNUSED_VARIABLE = YES;
				IPHONEOS_DEPLOYMENT_TARGET = 14.5;
				MTL_ENABLE_DEBUG_INFO = NO;
				MTL_FAST_MATH = YES;
				SDKROOT = iphoneos;
				SWIFT_COMPILATION_MODE = wholemodule;
				SWIFT_OPTIMIZATION_LEVEL = "-O";
				VALIDATE_PRODUCT = YES;
			};
			name = Release;
		};
		02566FD626A7C9DF000C4E5F /* Debug */ = {
			isa = XCBuildConfiguration;
			buildSettings = {
				ASSETCATALOG_COMPILER_APPICON_NAME = AppIcon;
				ASSETCATALOG_COMPILER_GLOBAL_ACCENT_COLOR_NAME = AccentColor;
				CODE_SIGN_STYLE = Automatic;
				DEVELOPMENT_TEAM = ZG542GY9D4;
				INFOPLIST_FILE = Quiz18_PickerViewAndWebView/Info.plist;
				LD_RUNPATH_SEARCH_PATHS = (
					"$(inherited)",
					"@executable_path/Frameworks",
				);
				PRODUCT_BUNDLE_IDENTIFIER = "com.swiftlec.Quiz18-PickerViewAndWebView";
				PRODUCT_NAME = "$(TARGET_NAME)";
				SWIFT_VERSION = 5.0;
				TARGETED_DEVICE_FAMILY = "1,2";
			};
			name = Debug;
		};
		02566FD726A7C9DF000C4E5F /* Release */ = {
			isa = XCBuildConfiguration;
			buildSettings = {
				ASSETCATALOG_COMPILER_APPICON_NAME = AppIcon;
				ASSETCATALOG_COMPILER_GLOBAL_ACCENT_COLOR_NAME = AccentColor;
				CODE_SIGN_STYLE = Automatic;
				DEVELOPMENT_TEAM = ZG542GY9D4;
				INFOPLIST_FILE = Quiz18_PickerViewAndWebView/Info.plist;
				LD_RUNPATH_SEARCH_PATHS = (
					"$(inherited)",
					"@executable_path/Frameworks",
				);
				PRODUCT_BUNDLE_IDENTIFIER = "com.swiftlec.Quiz18-PickerViewAndWebView";
				PRODUCT_NAME = "$(TARGET_NAME)";
				SWIFT_VERSION = 5.0;
				TARGETED_DEVICE_FAMILY = "1,2";
			};
			name = Release;
		};
/* End XCBuildConfiguration section */

/* Begin XCConfigurationList section */
		02566FBC26A7C9DD000C4E5F /* Build configuration list for PBXProject "Quiz18_PickerViewAndWebView" */ = {
			isa = XCConfigurationList;
			buildConfigurations = (
				02566FD326A7C9DF000C4E5F /* Debug */,
				02566FD426A7C9DF000C4E5F /* Release */,
			);
			defaultConfigurationIsVisible = 0;
			defaultConfigurationName = Release;
		};
		02566FD526A7C9DF000C4E5F /* Build configuration list for PBXNativeTarget "Quiz18_PickerViewAndWebView" */ = {
			isa = XCConfigurationList;
			buildConfigurations = (
				02566FD626A7C9DF000C4E5F /* Debug */,
				02566FD726A7C9DF000C4E5F /* Release */,
			);
			defaultConfigurationIsVisible = 0;
			defaultConfigurationName = Release;
		};
/* End XCConfigurationList section */
	};
	rootObject = 02566FB926A7C9DD000C4E5F /* Project object */;
}
