// !$*UTF8*$!
{
	archiveVersion = 1;
	classes = {
	};
	objectVersion = 50;
	objects = {

/* Begin PBXBuildFile section */
		02566F9D26A7AEF6000C4E5F /* AppDelegate.swift in Sources */ = {isa = PBXBuildFile; fileRef = 02566F9C26A7AEF6000C4E5F /* AppDelegate.swift */; };
		02566F9F26A7AEF6000C4E5F /* SceneDelegate.swift in Sources */ = {isa = PBXBuildFile; fileRef = 02566F9E26A7AEF6000C4E5F /* SceneDelegate.swift */; };
		02566FA126A7AEF6000C4E5F /* ViewController.swift in Sources */ = {isa = PBXBuildFile; fileRef = 02566FA026A7AEF6000C4E5F /* ViewController.swift */; };
		02566FA426A7AEF6000C4E5F /* Main.storyboard in Resources */ = {isa = PBXBuildFile; fileRef = 02566FA226A7AEF6000C4E5F /* Main.storyboard */; };
		02566FA626A7AEF8000C4E5F /* Assets.xcassets in Resources */ = {isa = PBXBuildFile; fileRef = 02566FA526A7AEF8000C4E5F /* Assets.xcassets */; };
		02566FA926A7AEF8000C4E5F /* LaunchScreen.storyboard in Resources */ = {isa = PBXBuildFile; fileRef = 02566FA726A7AEF8000C4E5F /* LaunchScreen.storyboard */; };
		02566FB526A7B087000C4E5F /* ReadMe.rtf in Resources */ = {isa = PBXBuildFile; fileRef = 02566FB426A7B087000C4E5F /* ReadMe.rtf */; };
		02566FB726A7C875000C4E5F /* htmlView.html in Resources */ = {isa = PBXBuildFile; fileRef = 02566FB626A7C875000C4E5F /* htmlView.html */; };
/* End PBXBuildFile section */

/* Begin PBXFileReference section */
		02566F9926A7AEF6000C4E5F /* Hybrid.app */ = {isa = PBXFileReference; explicitFileType = wrapper.application; includeInIndex = 0; path = Hybrid.app; sourceTree = BUILT_PRODUCTS_DIR; };
		02566F9C26A7AEF6000C4E5F /* AppDelegate.swift */ = {isa = PBXFileReference; lastKnownFileType = sourcecode.swift; path = AppDelegate.swift; sourceTree = "<group>"; };
		02566F9E26A7AEF6000C4E5F /* SceneDelegate.swift */ = {isa = PBXFileReference; lastKnownFileType = sourcecode.swift; path = SceneDelegate.swift; sourceTree = "<group>"; };
		02566FA026A7AEF6000C4E5F /* ViewController.swift */ = {isa = PBXFileReference; lastKnownFileType = sourcecode.swift; path = ViewController.swift; sourceTree = "<group>"; };
		02566FA326A7AEF6000C4E5F /* Base */ = {isa = PBXFileReference; lastKnownFileType = file.storyboard; name = Base; path = Base.lproj/Main.storyboard; sourceTree = "<group>"; };
		02566FA526A7AEF8000C4E5F /* Assets.xcassets */ = {isa = PBXFileReference; lastKnownFileType = folder.assetcatalog; path = Assets.xcassets; sourceTree = "<group>"; };
		02566FA826A7AEF8000C4E5F /* Base */ = {isa = PBXFileReference; lastKnownFileType = file.storyboard; name = Base; path = Base.lproj/LaunchScreen.storyboard; sourceTree = "<group>"; };
		02566FAA26A7AEF8000C4E5F /* Info.plist */ = {isa = PBXFileReference; lastKnownFileType = text.plist.xml; path = Info.plist; sourceTree = "<group>"; };
		02566FB426A7B087000C4E5F /* ReadMe.rtf */ = {isa = PBXFileReference; lastKnownFileType = text.rtf; path = ReadMe.rtf; sourceTree = "<group>"; };
		02566FB626A7C875000C4E5F /* htmlView.html */ = {isa = PBXFileReference; lastKnownFileType = text.html; path = htmlView.html; sourceTree = "<group>"; };
/* End PBXFileReference section */

/* Begin PBXFrameworksBuildPhase section */
		02566F9626A7AEF6000C4E5F /* Frameworks */ = {
			isa = PBXFrameworksBuildPhase;
			buildActionMask = 2147483647;
			files = (
			);
			runOnlyForDeploymentPostprocessing = 0;
		};
/* End PBXFrameworksBuildPhase section */

/* Begin PBXGroup section */
		02566F9026A7AEF6000C4E5F = {
			isa = PBXGroup;
			children = (
				02566F9B26A7AEF6000C4E5F /* Hybrid */,
				02566F9A26A7AEF6000C4E5F /* Products */,
			);
			sourceTree = "<group>";
		};
		02566F9A26A7AEF6000C4E5F /* Products */ = {
			isa = PBXGroup;
			children = (
				02566F9926A7AEF6000C4E5F /* Hybrid.app */,
			);
			name = Products;
			sourceTree = "<group>";
		};
		02566F9B26A7AEF6000C4E5F /* Hybrid */ = {
			isa = PBXGroup;
			children = (
				02566F9C26A7AEF6000C4E5F /* AppDelegate.swift */,
				02566F9E26A7AEF6000C4E5F /* SceneDelegate.swift */,
				02566FA026A7AEF6000C4E5F /* ViewController.swift */,
				02566FA226A7AEF6000C4E5F /* Main.storyboard */,
				02566FA526A7AEF8000C4E5F /* Assets.xcassets */,
				02566FA726A7AEF8000C4E5F /* LaunchScreen.storyboard */,
				02566FAA26A7AEF8000C4E5F /* Info.plist */,
				02566FB426A7B087000C4E5F /* ReadMe.rtf */,
				02566FB626A7C875000C4E5F /* htmlView.html */,
			);
			path = Hybrid;
			sourceTree = "<group>";
		};
/* End PBXGroup section */

/* Begin PBXNativeTarget section */
		02566F9826A7AEF6000C4E5F /* Hybrid */ = {
			isa = PBXNativeTarget;
			buildConfigurationList = 02566FAD26A7AEF8000C4E5F /* Build configuration list for PBXNativeTarget "Hybrid" */;
			buildPhases = (
				02566F9526A7AEF6000C4E5F /* Sources */,
				02566F9626A7AEF6000C4E5F /* Frameworks */,
				02566F9726A7AEF6000C4E5F /* Resources */,
			);
			buildRules = (
			);
			dependencies = (
			);
			name = Hybrid;
			productName = Hybrid;
			productReference = 02566F9926A7AEF6000C4E5F /* Hybrid.app */;
			productType = "com.apple.product-type.application";
		};
/* End PBXNativeTarget section */

/* Begin PBXProject section */
		02566F9126A7AEF6000C4E5F /* Project object */ = {
			isa = PBXProject;
			attributes = {
				LastSwiftUpdateCheck = 1250;
				LastUpgradeCheck = 1250;
				TargetAttributes = {
					02566F9826A7AEF6000C4E5F = {
						CreatedOnToolsVersion = 12.5.1;
					};
				};
			};
			buildConfigurationList = 02566F9426A7AEF6000C4E5F /* Build configuration list for PBXProject "Hybrid" */;
			compatibilityVersion = "Xcode 9.3";
			developmentRegion = en;
			hasScannedForEncodings = 0;
			knownRegions = (
				en,
				Base,
			);
			mainGroup = 02566F9026A7AEF6000C4E5F;
			productRefGroup = 02566F9A26A7AEF6000C4E5F /* Products */;
			projectDirPath = "";
			projectRoot = "";
			targets = (
				02566F9826A7AEF6000C4E5F /* Hybrid */,
			);
		};
/* End PBXProject section */

/* Begin PBXResourcesBuildPhase section */
		02566F9726A7AEF6000C4E5F /* Resources */ = {
			isa = PBXResourcesBuildPhase;
			buildActionMask = 2147483647;
			files = (
				02566FA926A7AEF8000C4E5F /* LaunchScreen.storyboard in Resources */,
				02566FA626A7AEF8000C4E5F /* Assets.xcassets in Resources */,
				02566FB726A7C875000C4E5F /* htmlView.html in Resources */,
				02566FB526A7B087000C4E5F /* ReadMe.rtf in Resources */,
				02566FA426A7AEF6000C4E5F /* Main.storyboard in Resources */,
			);
			runOnlyForDeploymentPostprocessing = 0;
		};
/* End PBXResourcesBuildPhase section */

/* Begin PBXSourcesBuildPhase section */
		02566F9526A7AEF6000C4E5F /* Sources */ = {
			isa = PBXSourcesBuildPhase;
			buildActionMask = 2147483647;
			files = (
				02566FA126A7AEF6000C4E5F /* ViewController.swift in Sources */,
				02566F9D26A7AEF6000C4E5F /* AppDelegate.swift in Sources */,
				02566F9F26A7AEF6000C4E5F /* SceneDelegate.swift in Sources */,
			);
			runOnlyForDeploymentPostprocessing = 0;
		};
/* End PBXSourcesBuildPhase section */

/* Begin PBXVariantGroup section */
		02566FA226A7AEF6000C4E5F /* Main.storyboard */ = {
			isa = PBXVariantGroup;
			children = (
				02566FA326A7AEF6000C4E5F /* Base */,
			);
			name = Main.storyboard;
			sourceTree = "<group>";
		};
		02566FA726A7AEF8000C4E5F /* LaunchScreen.storyboard */ = {
			isa = PBXVariantGroup;
			children = (
				02566FA826A7AEF8000C4E5F /* Base */,
			);
			name = LaunchScreen.storyboard;
			sourceTree = "<group>";
		};
/* End PBXVariantGroup section */

/* Begin XCBuildConfiguration section */
		02566FAB26A7AEF8000C4E5F /* Debug */ = {
			isa = XCBuildConfiguration;
			buildSettings = {
				ALWAYS_SEARCH_USER_PATHS = NO;
				CLANG_ANALYZER_NONNULL = YES;
				CLANG_ANALYZER_NUMBER_OBJECT_CONVERSION = YES_AGGRESSIVE;
				CLANG_CXX_LANGUAGE_STANDARD = "gnu++14";
				CLANG_CXX_LIBRARY = "libc++";
				CLANG_ENABLE_MODULES = YES;
				CLANG_ENABLE_OBJC_ARC = YES;
				CLANG_ENABLE_OBJC_WEAK = YES;
				CLANG_WARN_BLOCK_CAPTURE_AUTORELEASING = YES;
				CLANG_WARN_BOOL_CONVERSION = YES;
				CLANG_WARN_COMMA = YES;
				CLANG_WARN_CONSTANT_CONVERSION = YES;
				CLANG_WARN_DEPRECATED_OBJC_IMPLEMENTATIONS = YES;
				CLANG_WARN_DIRECT_OBJC_ISA_USAGE = YES_ERROR;
				CLANG_WARN_DOCUMENTATION_COMMENTS = YES;
				CLANG_WARN_EMPTY_BODY = YES;
				CLANG_WARN_ENUM_CONVERSION = YES;
				CLANG_WARN_INFINITE_RECURSION = YES;
				CLANG_WARN_INT_CONVERSION = YES;
				CLANG_WARN_NON_LITERAL_NULL_CONVERSION = YES;
				CLANG_WARN_OBJC_IMPLICIT_RETAIN_SELF = YES;
				CLANG_WARN_OBJC_LITERAL_CONVERSION = YES;
				CLANG_WARN_OBJC_ROOT_CLASS = YES_ERROR;
				CLANG_WARN_QUOTED_INCLUDE_IN_FRAMEWORK_HEADER = YES;
				CLANG_WARN_RANGE_LOOP_ANALYSIS = YES;
				CLANG_WARN_STRICT_PROTOTYPES = YES;
				CLANG_WARN_SUSPICIOUS_MOVE = YES;
				CLANG_WARN_UNGUARDED_AVAILABILITY = YES_AGGRESSIVE;
				CLANG_WARN_UNREACHABLE_CODE = YES;
				CLANG_WARN__DUPLICATE_METHOD_MATCH = YES;
				COPY_PHASE_STRIP = NO;
				DEBUG_INFORMATION_FORMAT = dwarf;
				ENABLE_STRICT_OBJC_MSGSEND = YES;
				ENABLE_TESTABILITY = YES;
				GCC_C_LANGUAGE_STANDARD = gnu11;
				GCC_DYNAMIC_NO_PIC = NO;
				GCC_NO_COMMON_BLOCKS = YES;
				GCC_OPTIMIZATION_LEVEL = 0;
				GCC_PREPROCESSOR_DEFINITIONS = (
					"DEBUG=1",
					"$(inherited)",
				);
				GCC_WARN_64_TO_32_BIT_CONVERSION = YES;
				GCC_WARN_ABOUT_RETURN_TYPE = YES_ERROR;
				GCC_WARN_UNDECLARED_SELECTOR = YES;
				GCC_WARN_UNINITIALIZED_AUTOS = YES_AGGRESSIVE;
				GCC_WARN_UNUSED_FUNCTION = YES;
				GCC_WARN_UNUSED_VARIABLE = YES;
				IPHONEOS_DEPLOYMENT_TARGET = 14.5;
				MTL_ENABLE_DEBUG_INFO = INCLUDE_SOURCE;
				MTL_FAST_MATH = YES;
				ONLY_ACTIVE_ARCH = YES;
				SDKROOT = iphoneos;
				SWIFT_ACTIVE_COMPILATION_CONDITIONS = DEBUG;
				SWIFT_OPTIMIZATION_LEVEL = "-Onone";
			};
			name = Debug;
		};
		02566FAC26A7AEF8000C4E5F /* Release */ = {
			isa = XCBuildConfiguration;
			buildSettings = {
				ALWAYS_SEARCH_USER_PATHS = NO;
				CLANG_ANALYZER_NONNULL = YES;
				CLANG_ANALYZER_NUMBER_OBJECT_CONVERSION = YES_AGGRESSIVE;
				CLANG_CXX_LANGUAGE_STANDARD = "gnu++14";
				CLANG_CXX_LIBRARY = "libc++";
				CLANG_ENABLE_MODULES = YES;
				CLANG_ENABLE_OBJC_ARC = YES;
				CLANG_ENABLE_OBJC_WEAK = YES;
				CLANG_WARN_BLOCK_CAPTURE_AUTORELEASING = YES;
				CLANG_WARN_BOOL_CONVERSION = YES;
				CLANG_WARN_COMMA = YES;
				CLANG_WARN_CONSTANT_CONVERSION = YES;
				CLANG_WARN_DEPRECATED_OBJC_IMPLEMENTATIONS = YES;
				CLANG_WARN_DIRECT_OBJC_ISA_USAGE = YES_ERROR;
				CLANG_WARN_DOCUMENTATION_COMMENTS = YES;
				CLANG_WARN_EMPTY_BODY = YES;
				CLANG_WARN_ENUM_CONVERSION = YES;
				CLANG_WARN_INFINITE_RECURSION = YES;
				CLANG_WARN_INT_CONVERSION = YES;
				CLANG_WARN_NON_LITERAL_NULL_CONVERSION = YES;
				CLANG_WARN_OBJC_IMPLICIT_RETAIN_SELF = YES;
				CLANG_WARN_OBJC_LITERAL_CONVERSION = YES;
				CLANG_WARN_OBJC_ROOT_CLASS = YES_ERROR;
				CLANG_WARN_QUOTED_INCLUDE_IN_FRAMEWORK_HEADER = YES;
				CLANG_WARN_RANGE_LOOP_ANALYSIS = YES;
				CLANG_WARN_STRICT_PROTOTYPES = YES;
				CLANG_WARN_SUSPICIOUS_MOVE = YES;
				CLANG_WARN_UNGUARDED_AVAILABILITY = YES_AGGRESSIVE;
				CLANG_WARN_UNREACHABLE_CODE = YES;
				CLANG_WARN__DUPLICATE_METHOD_MATCH = YES;
				COPY_PHASE_STRIP = NO;
				DEBUG_INFORMATION_FORMAT = "dwarf-with-dsym";
				ENABLE_NS_ASSERTIONS = NO;
				ENABLE_STRICT_OBJC_MSGSEND = YES;
				GCC_C_LANGUAGE_STANDARD = gnu11;
				GCC_NO_COMMON_BLOCKS = YES;
				GCC_WARN_64_TO_32_BIT_CONVERSION = YES;
				GCC_WARN_ABOUT_RETURN_TYPE = YES_ERROR;
				GCC_WARN_UNDECLARED_SELECTOR = YES;
				GCC_WARN_UNINITIALIZED_AUTOS = YES_AGGRESSIVE;
				GCC_WARN_UNUSED_FUNCTION = YES;
				GCC_WARN_UNUSED_VARIABLE = YES;
				IPHONEOS_DEPLOYMENT_TARGET = 14.5;
				MTL_ENABLE_DEBUG_INFO = NO;
				MTL_FAST_MATH = YES;
				SDKROOT = iphoneos;
				SWIFT_COMPILATION_MODE = wholemodule;
				SWIFT_OPTIMIZATION_LEVEL = "-O";
				VALIDATE_PRODUCT = YES;
			};
			name = Release;
		};
		02566FAE26A7AEF8000C4E5F /* Debug */ = {
			isa = XCBuildConfiguration;
			buildSettings = {
				ASSETCATALOG_COMPILER_APPICON_NAME = AppIcon;
				ASSETCATALOG_COMPILER_GLOBAL_ACCENT_COLOR_NAME = AccentColor;
				CODE_SIGN_STYLE = Automatic;
				DEVELOPMENT_TEAM = ZG542GY9D4;
				INFOPLIST_FILE = Hybrid/Info.plist;
				LD_RUNPATH_SEARCH_PATHS = (
					"$(inherited)",
					"@executable_path/Frameworks",
				);
				PRODUCT_BUNDLE_IDENTIFIER = com.swiftlec.Hybrid;
				PRODUCT_NAME = "$(TARGET_NAME)";
				SWIFT_VERSION = 5.0;
				TARGETED_DEVICE_FAMILY = "1,2";
			};
			name = Debug;
		};
		02566FAF26A7AEF8000C4E5F /* Release */ = {
			isa = XCBuildConfiguration;
			buildSettings = {
				ASSETCATALOG_COMPILER_APPICON_NAME = AppIcon;
				ASSETCATALOG_COMPILER_GLOBAL_ACCENT_COLOR_NAME = AccentColor;
				CODE_SIGN_STYLE = Automatic;
				DEVELOPMENT_TEAM = ZG542GY9D4;
				INFOPLIST_FILE = Hybrid/Info.plist;
				LD_RUNPATH_SEARCH_PATHS = (
					"$(inherited)",
					"@executable_path/Frameworks",
				);
				PRODUCT_BUNDLE_IDENTIFIER = com.swiftlec.Hybrid;
				PRODUCT_NAME = "$(TARGET_NAME)";
				SWIFT_VERSION = 5.0;
				TARGETED_DEVICE_FAMILY = "1,2";
			};
			name = Release;
		};
/* End XCBuildConfiguration section */

/* Begin XCConfigurationList section */
		02566F9426A7AEF6000C4E5F /* Build configuration list for PBXProject "Hybrid" */ = {
			isa = XCConfigurationList;
			buildConfigurations = (
				02566FAB26A7AEF8000C4E5F /* Debug */,
				02566FAC26A7AEF8000C4E5F /* Release */,
			);
			defaultConfigurationIsVisible = 0;
			defaultConfigurationName = Release;
		};
		02566FAD26A7AEF8000C4E5F /* Build configuration list for PBXNativeTarget "Hybrid" */ = {
			isa = XCConfigurationList;
			buildConfigurations = (
				02566FAE26A7AEF8000C4E5F /* Debug */,
				02566FAF26A7AEF8000C4E5F /* Release */,
			);
			defaultConfigurationIsVisible = 0;
			defaultConfigurationName = Release;
		};
/* End XCConfigurationList section */
	};
	rootObject = 02566F9126A7AEF6000C4E5F /* Project object */;
}
